
Microsoft Visual Studio Solution File, Format Version 12.00
# Visual Studio 15
Project("{FAE04EC0-301F-11D3-BF4B-00C04F79EFBC}") = "GoogleMobileAds", "GoogleMobileAds.csproj", "{947FCFA2-6A54-28B2-698B-5CAC1A13AE9E}"
EndProject
Project("{FAE04EC0-301F-11D3-BF4B-00C04F79EFBC}") = "Assembly-CSharp", "Assembly-CSharp.csproj", "{A1B326D9-83C4-B098-22EF-CA7A04768F52}"
EndProject
Project("{FAE04EC0-301F-11D3-BF4B-00C04F79EFBC}") = "GoogleMobileAds.Editor", "GoogleMobileAds.Editor.csproj", "{E23BA59E-DEE1-58D4-F0EC-22C09ACC9A7A}"
EndProject
Global
	GlobalSection(SolutionConfigurationPlatforms) = preSolution
		Debug|Any CPU = Debug|Any CPU
		Release|Any CPU = Release|Any CPU
	EndGlobalSection
	GlobalSection(ProjectConfigurationPlatforms) = postSolution
		{947FCFA2-6A54-28B2-698B-5CAC1A13AE9E}.Debug|Any CPU.ActiveCfg = Debug|Any CPU
		{947FCFA2-6A54-28B2-698B-5CAC1A13AE9E}.Debug|Any CPU.Build.0 = Debug|Any CPU
		{947FCFA2-6A54-28B2-698B-5CAC1A13AE9E}.Release|Any CPU.ActiveCfg = Release|Any CPU
		{947FCFA2-6A54-28B2-698B-5CAC1A13AE9E}.Release|Any CPU.Build.0 = Release|Any CPU
		{A1B326D9-83C4-B098-22EF-CA7A04768F52}.Debug|Any CPU.ActiveCfg = Debug|Any CPU
		{A1B326D9-83C4-B098-22EF-CA7A04768F52}.Debug|Any CPU.Build.0 = Debug|Any CPU
		{A1B326D9-83C4-B098-22EF-CA7A04768F52}.Release|Any CPU.ActiveCfg = Release|Any CPU
		{A1B326D9-83C4-B098-22EF-CA7A04768F52}.Release|Any CPU.Build.0 = Release|Any CPU
		{E23BA59E-DEE1-58D4-F0EC-22C09ACC9A7A}.Debug|Any CPU.ActiveCfg = Debug|Any CPU
		{E23BA59E-DEE1-58D4-F0EC-22C09ACC9A7A}.Debug|Any CPU.Build.0 = Debug|Any CPU
		{E23BA59E-DEE1-58D4-F0EC-22C09ACC9A7A}.Release|Any CPU.ActiveCfg = Release|Any CPU
		{E23BA59E-DEE1-58D4-F0EC-22C09ACC9A7A}.Release|Any CPU.Build.0 = Release|Any CPU
	EndGlobalSection
	GlobalSection(SolutionProperties) = preSolution
		HideSolutionNode = FALSE
	EndGlobalSection
EndGlobal
